
Microsoft Visual Studio Solution File, Format Version 12.00
# Visual Studio Version 17
VisualStudioVersion = 17.3.32929.385
MinimumVisualStudioVersion = 10.0.40219.1
Project("{9A19103F-16F7-4668-BE54-9A1E7A4F7556}") = "SpaWithReact", "SpaWithReact\SpaWithReact.csproj", "{A43E135A-E6F3-4790-A93A-D175BD4649AD}"
EndProject
Project("{9A19103F-16F7-4668-BE54-9A1E7A4F7556}") = "SpaWithPrimeReactSakia", "SpaWithPrimeReactSakia\SpaWithPrimeReactSakia.csproj", "{246554F9-EA2C-41A4-ADDF-36EE9976A1ED}"
EndProject
Global
	GlobalSection(SolutionConfigurationPlatforms) = preSolution
		Debug|Any CPU = Debug|Any CPU
		Release|Any CPU = Release|Any CPU
	EndGlobalSection
	GlobalSection(ProjectConfigurationPlatforms) = postSolution
		{A43E135A-E6F3-4790-A93A-D175BD4649AD}.Debug|Any CPU.ActiveCfg = Debug|Any CPU
		{A43E135A-E6F3-4790-A93A-D175BD4649AD}.Debug|Any CPU.Build.0 = Debug|Any CPU
		{A43E135A-E6F3-4790-A93A-D175BD4649AD}.Release|Any CPU.ActiveCfg = Release|Any CPU
		{A43E135A-E6F3-4790-A93A-D175BD4649AD}.Release|Any CPU.Build.0 = Release|Any CPU
		{246554F9-EA2C-41A4-ADDF-36EE9976A1ED}.Debug|Any CPU.ActiveCfg = Debug|Any CPU
		{246554F9-EA2C-41A4-ADDF-36EE9976A1ED}.Debug|Any CPU.Build.0 = Debug|Any CPU
		{246554F9-EA2C-41A4-ADDF-36EE9976A1ED}.Release|Any CPU.ActiveCfg = Release|Any CPU
		{246554F9-EA2C-41A4-ADDF-36EE9976A1ED}.Release|Any CPU.Build.0 = Release|Any CPU
	EndGlobalSection
	GlobalSection(SolutionProperties) = preSolution
		HideSolutionNode = FALSE
	EndGlobalSection
	GlobalSection(ExtensibilityGlobals) = postSolution
		SolutionGuid = {ADA4AB8B-DE80-4FE8-9618-BB3D697F88C4}
	EndGlobalSection
EndGlobal
